
Microsoft Visual Studio Solution File, Format Version 12.00
# Visual Studio Version 17
VisualStudioVersion = 17.2.32630.192
MinimumVisualStudioVersion = 10.0.40219.1
Project("{FAE04EC0-301F-11D3-BF4B-00C04F79EFBC}") = "BV_Modbus_Client", "BV_Modbus_Client\BV_Modbus_Client.csproj", "{19A3FAB1-4BFE-46F8-863F-5BF393B8D0F2}"
EndProject
Global
	GlobalSection(SolutionConfigurationPlatforms) = preSolution
		Debug|Any CPU = Debug|Any CPU
		Release|Any CPU = Release|Any CPU
	EndGlobalSection
	GlobalSection(ProjectConfigurationPlatforms) = postSolution
		{19A3FAB1-4BFE-46F8-863F-5BF393B8D0F2}.Debug|Any CPU.ActiveCfg = Debug|Any CPU
		{19A3FAB1-4BFE-46F8-863F-5BF393B8D0F2}.Debug|Any CPU.Build.0 = Debug|Any CPU
		{19A3FAB1-4BFE-46F8-863F-5BF393B8D0F2}.Release|Any CPU.ActiveCfg = Release|Any CPU
		{19A3FAB1-4BFE-46F8-863F-5BF393B8D0F2}.Release|Any CPU.Build.0 = Release|Any CPU
	EndGlobalSection
	GlobalSection(SolutionProperties) = preSolution
		HideSolutionNode = FALSE
	EndGlobalSection
	GlobalSection(ExtensibilityGlobals) = postSolution
		SolutionGuid = {AB78CBB7-2A2E-4903-BE75-0B3FA55405FA}
	EndGlobalSection
EndGlobal
